<?xml version="1.0" encoding="utf-8"?>
<Project ToolsVersion="4.0" xmlns="http://schemas.microsoft.com/developer/msbuild/2003">
  <ItemGroup>
    <ClCompile Include="source\main\app.cpp">
      <Filter>1_mains</Filter>
    </ClCompile>
    <ClCompile Include="source\main\winmain.cpp">
      <Filter>1_mains</Filter>
    </ClCompile>
    <ClCompile Include="source\scene\gamescene.cpp">
      <Filter>3_Scenes</Filter>
    </ClCompile>
    <ClCompile Include="source\scene\titlescene.cpp">
      <Filter>3_Scenes</Filter>
    </ClCompile>
    <ClCompile Include="source\scene\bootScene.cpp">
      <Filter>3_Scenes\TestScenes</Filter>
    </ClCompile>
    <ClCompile Include="source\object\bootTestObject.cpp">
      <Filter>4_Objects\TestObject</Filter>
    </ClCompile>
    <ClCompile Include="source\object\titleobject.cpp">
      <Filter>4_Objects\TitleScene_Objects</Filter>
    </ClCompile>
    <ClCompile Include="source\libs\frameWork\scene.cpp">
      <Filter>2_libs\frameWorks</Filter>
    </ClCompile>
    <ClCompile Include="source\libs\frameWork\scenechanger.cpp">
      <Filter>2_libs\Scene Manager</Filter>
    </ClCompile>
    <ClCompile Include="source\libs\frameWork\scenemanager.cpp">
      <Filter>2_libs\Scene Manager</Filter>
    </ClCompile>
    <ClCompile Include="source\libs\common\csvReader.cpp">
      <Filter>2_libs\commons\csvLoadorSave</Filter>
    </ClCompile>
    <ClCompile Include="source\libs\common\keyBoard.cpp">
      <Filter>2_libs\commons\keys</Filter>
    </ClCompile>
    <ClCompile Include="source\libs\common\keyManager.cpp">
      <Filter>2_libs\commons\keys</Filter>
    </ClCompile>
    <ClCompile Include="source\libs\common\save.cpp">
      <Filter>2_libs\commons\csvLoadorSave</Filter>
    </ClCompile>
    <ClCompile Include="source\libs\common\oneCharacterSpacing.cpp">
      <Filter>2_libs\commons\chara</Filter>
    </ClCompile>
    <ClCompile Include="source\object\gameSceneObject.cpp">
      <Filter>4_Objects\GameScene_objects</Filter>
    </ClCompile>
    <ClCompile Include="source\libs\common\easeing.cpp">
      <Filter>2_libs\commons</Filter>
    </ClCompile>
    <ClCompile Include="source\libs\common\fpstimer.cpp">
      <Filter>2_libs\commons\fpsController</Filter>
    </ClCompile>
    <ClCompile Include="source\component\sound.cpp">
      <Filter>4_Objects\CommonScene_objects</Filter>
    </ClCompile>
    <ClCompile Include="source\object\board.cpp" />
    <ClCompile Include="source\object\freeCamera.cpp" />
  </ItemGroup>
  <ItemGroup>
    <ClInclude Include="source\main\app.h">
      <Filter>1_mains</Filter>
    </ClInclude>
    <ClInclude Include="source\main\config.h">
      <Filter>1_mains</Filter>
    </ClInclude>
    <ClInclude Include="source\scene\titlescene.h">
      <Filter>3_Scenes</Filter>
    </ClInclude>
    <ClInclude Include="source\scene\gamescene.h">
      <Filter>3_Scenes</Filter>
    </ClInclude>
    <ClInclude Include="source\scene\bootScene.h">
      <Filter>3_Scenes\TestScenes</Filter>
    </ClInclude>
    <ClInclude Include="source\object\bootTestObject.h">
      <Filter>4_Objects\TestObject</Filter>
    </ClInclude>
    <ClInclude Include="source\object\titleobject.h">
      <Filter>4_Objects\TitleScene_Objects</Filter>
    </ClInclude>
    <ClInclude Include="source\libs\frameWork\myDxLib.h">
      <Filter>2_libs</Filter>
    </ClInclude>
    <ClInclude Include="source\libs\frameWork\component.h">
      <Filter>2_libs\frameWorks</Filter>
    </ClInclude>
    <ClInclude Include="source\libs\frameWork\object.h">
      <Filter>2_libs\frameWorks</Filter>
    </ClInclude>
    <ClInclude Include="source\libs\frameWork\scene.h">
      <Filter>2_libs\frameWorks</Filter>
    </ClInclude>
    <ClInclude Include="source\libs\frameWork\scenemanager.h">
      <Filter>2_libs\Scene Manager</Filter>
    </ClInclude>
    <ClInclude Include="source\libs\frameWork\scenechanger.h">
      <Filter>2_libs\Scene Manager</Filter>
    </ClInclude>
    <ClInclude Include="source\libs\common\csvReader.h">
      <Filter>2_libs\commons\csvLoadorSave</Filter>
    </ClInclude>
    <ClInclude Include="source\libs\common\keyBoard.h">
      <Filter>2_libs\commons\keys</Filter>
    </ClInclude>
    <ClInclude Include="source\libs\common\keyManager.h">
      <Filter>2_libs\commons\keys</Filter>
    </ClInclude>
    <ClInclude Include="source\libs\common\transForm.h">
      <Filter>2_libs\commons</Filter>
    </ClInclude>
    <ClInclude Include="source\libs\common\save.h">
      <Filter>2_libs\commons\csvLoadorSave</Filter>
    </ClInclude>
    <ClInclude Include="source\libs\common\oneCharacterSpacing.h">
      <Filter>2_libs\commons\chara</Filter>
    </ClInclude>
    <ClInclude Include="source\libs\common\colorhsv.h">
      <Filter>2_libs\commons</Filter>
    </ClInclude>
    <ClInclude Include="source\object\gameSceneObject.h">
      <Filter>4_Objects\GameScene_objects</Filter>
    </ClInclude>
    <ClInclude Include="source\libs\common\easeing.h">
      <Filter>2_libs\commons</Filter>
    </ClInclude>
    <ClInclude Include="source\libs\common\deltaTime.h">
      <Filter>2_libs\commons\fpsController</Filter>
    </ClInclude>
    <ClInclude Include="source\libs\common\fpstimer.h">
      <Filter>2_libs\commons\fpsController</Filter>
    </ClInclude>
    <ClInclude Include="source\libs\common\button.h">
      <Filter>2_libs\commons</Filter>
    </ClInclude>
    <ClInclude Include="source\component\sound.h">
      <Filter>4_Objects\CommonScene_objects</Filter>
    </ClInclude>
    <ClInclude Include="source\object\board.h">
      <Filter>4_Objects\GameScene_objects</Filter>
    </ClInclude>
    <ClInclude Include="source\object\freeCamera.h" />
  </ItemGroup>
  <ItemGroup>
    <Filter Include="3_Scenes">
      <UniqueIdentifier>{a086f3e0-521a-46db-bd1c-6813f91fe081}</UniqueIdentifier>
    </Filter>
    <Filter Include="3_Scenes\TestScenes">
      <UniqueIdentifier>{2706f31c-eba3-458f-844b-309bd1c7d970}</UniqueIdentifier>
    </Filter>
    <Filter Include="1_mains">
      <UniqueIdentifier>{61e657b5-09cb-41dd-9b2f-2b22b4e1c4be}</UniqueIdentifier>
    </Filter>
    <Filter Include="2_libs">
      <UniqueIdentifier>{32d1f8e8-4ec3-4f70-b237-64c8e07ed6ad}</UniqueIdentifier>
    </Filter>
    <Filter Include="2_libs\Scene Manager">
      <UniqueIdentifier>{979f20c5-d0ad-44b1-925c-70552eaa354b}</UniqueIdentifier>
    </Filter>
    <Filter Include="2_libs\commons">
      <UniqueIdentifier>{20fefee0-b42a-4b71-812b-1c95e59811d3}</UniqueIdentifier>
    </Filter>
    <Filter Include="2_libs\commons\chara">
      <UniqueIdentifier>{591b2336-06a6-4dc8-bc4c-dc422d29ba95}</UniqueIdentifier>
    </Filter>
    <Filter Include="2_libs\commons\csvLoadorSave">
      <UniqueIdentifier>{2f57c28f-e52c-477f-aed2-1caa80b62847}</UniqueIdentifier>
    </Filter>
    <Filter Include="2_libs\commons\keys">
      <UniqueIdentifier>{37119d76-0429-484c-bc89-370abdaf490c}</UniqueIdentifier>
    </Filter>
    <Filter Include="2_libs\commons\fpsController">
      <UniqueIdentifier>{78364446-ce45-41b8-8afc-19c0b4bbf32a}</UniqueIdentifier>
    </Filter>
    <Filter Include="2_libs\frameWorks">
      <UniqueIdentifier>{e1e52795-9924-42c4-83fa-4680c7485971}</UniqueIdentifier>
    </Filter>
    <Filter Include="4_Objects">
      <UniqueIdentifier>{768e2e3c-9694-4f87-9dde-f772f96706ca}</UniqueIdentifier>
    </Filter>
    <Filter Include="4_Objects\TitleScene_Objects">
      <UniqueIdentifier>{aabfa36f-c3ac-4e99-8161-ba197e0d98e9}</UniqueIdentifier>
    </Filter>
    <Filter Include="4_Objects\GameScene_objects">
      <UniqueIdentifier>{6b533f3a-ba78-44ca-81ca-88e8b31e8c82}</UniqueIdentifier>
    </Filter>
    <Filter Include="4_Objects\CommonScene_objects">
      <UniqueIdentifier>{50784848-0037-4bb4-8201-dedb41f90d70}</UniqueIdentifier>
    </Filter>
    <Filter Include="4_Objects\TestObject">
      <UniqueIdentifier>{7f56394e-989a-40bd-98e8-db76b50e689a}</UniqueIdentifier>
    </Filter>
  </ItemGroup>
  <ItemGroup>
    <Text Include="source\includePass_folder_インクルードパスについて_.txt" />
  </ItemGroup>
</Project>